
Microsoft Visual Studio Solution File, Format Version 12.00
# Visual Studio Version 17
VisualStudioVersion = 17.9.34622.214
MinimumVisualStudioVersion = 10.0.40219.1
Project("{FAE04EC0-301F-11D3-BF4B-00C04F79EFBC}") = "CLientes", "WindowsFormsApp1\CLientes.csproj", "{1C3B16D9-C630-42A5-BD92-EDB899D96745}"
EndProject
Project("{9A19103F-16F7-4668-BE54-9A1E7A4F7556}") = "Logica de Negocio", "Logica de Negocio\Logica de Negocio.csproj", "{BA331655-9D81-4092-8F5D-1BD75F124AD7}"
EndProject
Project("{FAE04EC0-301F-11D3-BF4B-00C04F79EFBC}") = "AccesoDatosLayer", "AccesoDatosLayer\AccesoDatosLayer.csproj", "{AFC43823-12B6-47FF-B51D-5A9322F58A1E}"
EndProject
Global
	GlobalSection(SolutionConfigurationPlatforms) = preSolution
		Debug|Any CPU = Debug|Any CPU
		Release|Any CPU = Release|Any CPU
	EndGlobalSection
	GlobalSection(ProjectConfigurationPlatforms) = postSolution
		{1C3B16D9-C630-42A5-BD92-EDB899D96745}.Debug|Any CPU.ActiveCfg = Debug|Any CPU
		{1C3B16D9-C630-42A5-BD92-EDB899D96745}.Debug|Any CPU.Build.0 = Debug|Any CPU
		{1C3B16D9-C630-42A5-BD92-EDB899D96745}.Release|Any CPU.ActiveCfg = Release|Any CPU
		{1C3B16D9-C630-42A5-BD92-EDB899D96745}.Release|Any CPU.Build.0 = Release|Any CPU
		{BA331655-9D81-4092-8F5D-1BD75F124AD7}.Debug|Any CPU.ActiveCfg = Debug|Any CPU
		{BA331655-9D81-4092-8F5D-1BD75F124AD7}.Debug|Any CPU.Build.0 = Debug|Any CPU
		{BA331655-9D81-4092-8F5D-1BD75F124AD7}.Release|Any CPU.ActiveCfg = Release|Any CPU
		{BA331655-9D81-4092-8F5D-1BD75F124AD7}.Release|Any CPU.Build.0 = Release|Any CPU
		{AFC43823-12B6-47FF-B51D-5A9322F58A1E}.Debug|Any CPU.ActiveCfg = Debug|Any CPU
		{AFC43823-12B6-47FF-B51D-5A9322F58A1E}.Debug|Any CPU.Build.0 = Debug|Any CPU
		{AFC43823-12B6-47FF-B51D-5A9322F58A1E}.Release|Any CPU.ActiveCfg = Release|Any CPU
		{AFC43823-12B6-47FF-B51D-5A9322F58A1E}.Release|Any CPU.Build.0 = Release|Any CPU
	EndGlobalSection
	GlobalSection(SolutionProperties) = preSolution
		HideSolutionNode = FALSE
	EndGlobalSection
	GlobalSection(ExtensibilityGlobals) = postSolution
		SolutionGuid = {B9111CA1-190A-4B0D-8A92-8D148995F992}
	EndGlobalSection
EndGlobal
